
Microsoft Visual Studio Solution File, Format Version 12.00
# Visual Studio Version 17
VisualStudioVersion = 17.3.32929.385
MinimumVisualStudioVersion = 10.0.40219.1
Project("{FAE04EC0-301F-11D3-BF4B-00C04F79EFBC}") = "NLayer.Core", "NLayer.Core\NLayer.Core.csproj", "{70E697F6-81E3-490B-A5A9-053DBB9582A6}"
EndProject
Project("{FAE04EC0-301F-11D3-BF4B-00C04F79EFBC}") = "NLayer.Repository", "NLayer.Repository\NLayer.Repository.csproj", "{CF69A56C-4BAB-4845-A817-E5482D57E90D}"
EndProject
Project("{FAE04EC0-301F-11D3-BF4B-00C04F79EFBC}") = "NLayer.Service", "NLayer.Service\NLayer.Service.csproj", "{9058BD4E-F7B1-43B0-9037-CC21D42C835B}"
EndProject
Project("{FAE04EC0-301F-11D3-BF4B-00C04F79EFBC}") = "NLayer.API", "NLayer.API\NLayer.API.csproj", "{A75E5F90-52A9-4362-A102-CCF463971C5E}"
EndProject
Project("{FAE04EC0-301F-11D3-BF4B-00C04F79EFBC}") = "NLayer.Web", "NLayer.Web\NLayer.Web.csproj", "{6965261D-2D3A-495E-BB95-4A2DC201BB4A}"
EndProject
Project("{FAE04EC0-301F-11D3-BF4B-00C04F79EFBC}") = "NLayer.Caching", "NLayer.Caching\NLayer.Caching.csproj", "{476AF5AC-CEE4-4470-8961-2A2BC9EA9319}"
EndProject
Global
	GlobalSection(SolutionConfigurationPlatforms) = preSolution
		Debug|Any CPU = Debug|Any CPU
		Release|Any CPU = Release|Any CPU
	EndGlobalSection
	GlobalSection(ProjectConfigurationPlatforms) = postSolution
		{70E697F6-81E3-490B-A5A9-053DBB9582A6}.Debug|Any CPU.ActiveCfg = Debug|Any CPU
		{70E697F6-81E3-490B-A5A9-053DBB9582A6}.Debug|Any CPU.Build.0 = Debug|Any CPU
		{70E697F6-81E3-490B-A5A9-053DBB9582A6}.Release|Any CPU.ActiveCfg = Release|Any CPU
		{70E697F6-81E3-490B-A5A9-053DBB9582A6}.Release|Any CPU.Build.0 = Release|Any CPU
		{CF69A56C-4BAB-4845-A817-E5482D57E90D}.Debug|Any CPU.ActiveCfg = Debug|Any CPU
		{CF69A56C-4BAB-4845-A817-E5482D57E90D}.Debug|Any CPU.Build.0 = Debug|Any CPU
		{CF69A56C-4BAB-4845-A817-E5482D57E90D}.Release|Any CPU.ActiveCfg = Release|Any CPU
		{CF69A56C-4BAB-4845-A817-E5482D57E90D}.Release|Any CPU.Build.0 = Release|Any CPU
		{9058BD4E-F7B1-43B0-9037-CC21D42C835B}.Debug|Any CPU.ActiveCfg = Debug|Any CPU
		{9058BD4E-F7B1-43B0-9037-CC21D42C835B}.Debug|Any CPU.Build.0 = Debug|Any CPU
		{9058BD4E-F7B1-43B0-9037-CC21D42C835B}.Release|Any CPU.ActiveCfg = Release|Any CPU
		{9058BD4E-F7B1-43B0-9037-CC21D42C835B}.Release|Any CPU.Build.0 = Release|Any CPU
		{A75E5F90-52A9-4362-A102-CCF463971C5E}.Debug|Any CPU.ActiveCfg = Debug|Any CPU
		{A75E5F90-52A9-4362-A102-CCF463971C5E}.Debug|Any CPU.Build.0 = Debug|Any CPU
		{A75E5F90-52A9-4362-A102-CCF463971C5E}.Release|Any CPU.ActiveCfg = Release|Any CPU
		{A75E5F90-52A9-4362-A102-CCF463971C5E}.Release|Any CPU.Build.0 = Release|Any CPU
		{6965261D-2D3A-495E-BB95-4A2DC201BB4A}.Debug|Any CPU.ActiveCfg = Debug|Any CPU
		{6965261D-2D3A-495E-BB95-4A2DC201BB4A}.Debug|Any CPU.Build.0 = Debug|Any CPU
		{6965261D-2D3A-495E-BB95-4A2DC201BB4A}.Release|Any CPU.ActiveCfg = Release|Any CPU
		{6965261D-2D3A-495E-BB95-4A2DC201BB4A}.Release|Any CPU.Build.0 = Release|Any CPU
		{476AF5AC-CEE4-4470-8961-2A2BC9EA9319}.Debug|Any CPU.ActiveCfg = Debug|Any CPU
		{476AF5AC-CEE4-4470-8961-2A2BC9EA9319}.Debug|Any CPU.Build.0 = Debug|Any CPU
		{476AF5AC-CEE4-4470-8961-2A2BC9EA9319}.Release|Any CPU.ActiveCfg = Release|Any CPU
		{476AF5AC-CEE4-4470-8961-2A2BC9EA9319}.Release|Any CPU.Build.0 = Release|Any CPU
	EndGlobalSection
	GlobalSection(SolutionProperties) = preSolution
		HideSolutionNode = FALSE
	EndGlobalSection
	GlobalSection(ExtensibilityGlobals) = postSolution
		SolutionGuid = {46701D98-E816-4915-AB52-52133F3419F7}
	EndGlobalSection
EndGlobal
